
Microsoft Visual Studio Solution File, Format Version 12.00
# Visual Studio 15
VisualStudioVersion = 15.0.28010.2036
MinimumVisualStudioVersion = 10.0.40219.1
Project("{2150E333-8FDC-42A3-9474-1A3956D46DE8}") = "ContentDialog", "ContentDialog", "{D5B74B91-0D7C-4574-9267-56C0ACA2E398}"
EndProject
Project("{2150E333-8FDC-42A3-9474-1A3956D46DE8}") = "Tab", "Tab", "{BFB4AF93-C05D-4DE5-BD8F-8EFEFA33CD62}"
EndProject
Project("{9A19103F-16F7-4668-BE54-9A1E7A4F7556}") = "TWyTec.Blazor.ContentDialog", "ContentDialog\TWyTec.Blazor.ContentDialog\TWyTec.Blazor.ContentDialog.csproj", "{832297E9-3612-42B8-85D7-A6784E4B5E2B}"
EndProject
Project("{9A19103F-16F7-4668-BE54-9A1E7A4F7556}") = "DialogTest", "ContentDialog\DialogTest\DialogTest.csproj", "{F5EA9197-0FED-4F78-87C2-00225F713A41}"
EndProject
Project("{9A19103F-16F7-4668-BE54-9A1E7A4F7556}") = "TWyTec.Blazor.Tab", "Tab\TWyTec.Blazor.Tab\TWyTec.Blazor.Tab.csproj", "{317EBADE-D657-41C4-816A-2DD05160D718}"
EndProject
Project("{9A19103F-16F7-4668-BE54-9A1E7A4F7556}") = "TabTest", "Tab\TabTest\TabTest.csproj", "{10199F1E-C165-4E0D-9DDD-6F65EB59D9F9}"
EndProject
Project("{2150E333-8FDC-42A3-9474-1A3956D46DE8}") = "Stepper", "Stepper", "{1315A511-6EBF-4BBB-A6D5-75D5FF70D56E}"
EndProject
Project("{9A19103F-16F7-4668-BE54-9A1E7A4F7556}") = "TWyTec.Blazor.Stepper", "Stepper\TWyTec.Blazor.Stepper\TWyTec.Blazor.Stepper.csproj", "{767600A3-29F4-4001-A048-E4A005A8BB50}"
EndProject
Project("{9A19103F-16F7-4668-BE54-9A1E7A4F7556}") = "StepperTest", "Stepper\StepperTest\StepperTest.csproj", "{2843E1CB-3FFF-412C-B1E0-91DA16817CC8}"
EndProject
Project("{2150E333-8FDC-42A3-9474-1A3956D46DE8}") = "Accordion", "Accordion", "{3C013545-DA3D-4949-BE8D-029EC1C677FA}"
EndProject
Project("{9A19103F-16F7-4668-BE54-9A1E7A4F7556}") = "TWyTec.Blazor.Accordion", "Accordion\TWyTec.Blazor.Accordion\TWyTec.Blazor.Accordion.csproj", "{A5788E82-81D0-42B6-8A13-0E908E2F9CC0}"
EndProject
Project("{9A19103F-16F7-4668-BE54-9A1E7A4F7556}") = "AccordionTest", "Accordion\AccordionTest\AccordionTest.csproj", "{CBB7911C-E766-4653-A82D-DEA972746CFB}"
EndProject
Project("{2150E333-8FDC-42A3-9474-1A3956D46DE8}") = "Demo", "Demo", "{746AC92E-1B76-4B84-964B-F796ADED4BC5}"
EndProject
Project("{9A19103F-16F7-4668-BE54-9A1E7A4F7556}") = "WebDemo", "Demo\WebDemo\WebDemo.csproj", "{1BEA3224-4838-4A5D-87CD-69D072B33794}"
EndProject
Project("{2150E333-8FDC-42A3-9474-1A3956D46DE8}") = "SplitView", "SplitView", "{D3341DB9-E639-4D6A-ACBB-DBB4675162BE}"
EndProject
Project("{9A19103F-16F7-4668-BE54-9A1E7A4F7556}") = "TWyTec.Blazor.SplitView", "SplitView\TWyTec.Blazor.SplitView\TWyTec.Blazor.SplitView.csproj", "{D0FD313A-35B5-41EB-A239-6EADDBA79FE3}"
EndProject
Project("{9A19103F-16F7-4668-BE54-9A1E7A4F7556}") = "SplitViewTest", "SplitView\SplitViewTest\SplitViewTest.csproj", "{FC69F9E5-454E-46CF-88FC-B727313BE19E}"
EndProject
Project("{2150E333-8FDC-42A3-9474-1A3956D46DE8}") = "Based", "Based", "{966AEDEB-996B-463B-BF75-FFE8ECF5F594}"
EndProject
Project("{9A19103F-16F7-4668-BE54-9A1E7A4F7556}") = "TWyTec.Blazor.Based", "TWyTec.Blazor.Based\TWyTec.Blazor.Based.csproj", "{58D0D04B-5C19-418A-AE07-11CAE08F9B65}"
EndProject
Global
	GlobalSection(SolutionConfigurationPlatforms) = preSolution
		Debug|Any CPU = Debug|Any CPU
		Release|Any CPU = Release|Any CPU
	EndGlobalSection
	GlobalSection(ProjectConfigurationPlatforms) = postSolution
		{832297E9-3612-42B8-85D7-A6784E4B5E2B}.Debug|Any CPU.ActiveCfg = Debug|Any CPU
		{832297E9-3612-42B8-85D7-A6784E4B5E2B}.Debug|Any CPU.Build.0 = Debug|Any CPU
		{832297E9-3612-42B8-85D7-A6784E4B5E2B}.Release|Any CPU.ActiveCfg = Release|Any CPU
		{832297E9-3612-42B8-85D7-A6784E4B5E2B}.Release|Any CPU.Build.0 = Release|Any CPU
		{F5EA9197-0FED-4F78-87C2-00225F713A41}.Debug|Any CPU.ActiveCfg = Debug|Any CPU
		{F5EA9197-0FED-4F78-87C2-00225F713A41}.Debug|Any CPU.Build.0 = Debug|Any CPU
		{F5EA9197-0FED-4F78-87C2-00225F713A41}.Release|Any CPU.ActiveCfg = Release|Any CPU
		{F5EA9197-0FED-4F78-87C2-00225F713A41}.Release|Any CPU.Build.0 = Release|Any CPU
		{317EBADE-D657-41C4-816A-2DD05160D718}.Debug|Any CPU.ActiveCfg = Debug|Any CPU
		{317EBADE-D657-41C4-816A-2DD05160D718}.Debug|Any CPU.Build.0 = Debug|Any CPU
		{317EBADE-D657-41C4-816A-2DD05160D718}.Release|Any CPU.ActiveCfg = Release|Any CPU
		{317EBADE-D657-41C4-816A-2DD05160D718}.Release|Any CPU.Build.0 = Release|Any CPU
		{10199F1E-C165-4E0D-9DDD-6F65EB59D9F9}.Debug|Any CPU.ActiveCfg = Debug|Any CPU
		{10199F1E-C165-4E0D-9DDD-6F65EB59D9F9}.Debug|Any CPU.Build.0 = Debug|Any CPU
		{10199F1E-C165-4E0D-9DDD-6F65EB59D9F9}.Release|Any CPU.ActiveCfg = Release|Any CPU
		{10199F1E-C165-4E0D-9DDD-6F65EB59D9F9}.Release|Any CPU.Build.0 = Release|Any CPU
		{767600A3-29F4-4001-A048-E4A005A8BB50}.Debug|Any CPU.ActiveCfg = Debug|Any CPU
		{767600A3-29F4-4001-A048-E4A005A8BB50}.Debug|Any CPU.Build.0 = Debug|Any CPU
		{767600A3-29F4-4001-A048-E4A005A8BB50}.Release|Any CPU.ActiveCfg = Release|Any CPU
		{767600A3-29F4-4001-A048-E4A005A8BB50}.Release|Any CPU.Build.0 = Release|Any CPU
		{2843E1CB-3FFF-412C-B1E0-91DA16817CC8}.Debug|Any CPU.ActiveCfg = Debug|Any CPU
		{2843E1CB-3FFF-412C-B1E0-91DA16817CC8}.Debug|Any CPU.Build.0 = Debug|Any CPU
		{2843E1CB-3FFF-412C-B1E0-91DA16817CC8}.Release|Any CPU.ActiveCfg = Release|Any CPU
		{2843E1CB-3FFF-412C-B1E0-91DA16817CC8}.Release|Any CPU.Build.0 = Release|Any CPU
		{A5788E82-81D0-42B6-8A13-0E908E2F9CC0}.Debug|Any CPU.ActiveCfg = Debug|Any CPU
		{A5788E82-81D0-42B6-8A13-0E908E2F9CC0}.Debug|Any CPU.Build.0 = Debug|Any CPU
		{A5788E82-81D0-42B6-8A13-0E908E2F9CC0}.Release|Any CPU.ActiveCfg = Release|Any CPU
		{A5788E82-81D0-42B6-8A13-0E908E2F9CC0}.Release|Any CPU.Build.0 = Release|Any CPU
		{CBB7911C-E766-4653-A82D-DEA972746CFB}.Debug|Any CPU.ActiveCfg = Debug|Any CPU
		{CBB7911C-E766-4653-A82D-DEA972746CFB}.Debug|Any CPU.Build.0 = Debug|Any CPU
		{CBB7911C-E766-4653-A82D-DEA972746CFB}.Release|Any CPU.ActiveCfg = Release|Any CPU
		{CBB7911C-E766-4653-A82D-DEA972746CFB}.Release|Any CPU.Build.0 = Release|Any CPU
		{1BEA3224-4838-4A5D-87CD-69D072B33794}.Debug|Any CPU.ActiveCfg = Debug|Any CPU
		{1BEA3224-4838-4A5D-87CD-69D072B33794}.Debug|Any CPU.Build.0 = Debug|Any CPU
		{1BEA3224-4838-4A5D-87CD-69D072B33794}.Release|Any CPU.ActiveCfg = Release|Any CPU
		{1BEA3224-4838-4A5D-87CD-69D072B33794}.Release|Any CPU.Build.0 = Release|Any CPU
		{D0FD313A-35B5-41EB-A239-6EADDBA79FE3}.Debug|Any CPU.ActiveCfg = Debug|Any CPU
		{D0FD313A-35B5-41EB-A239-6EADDBA79FE3}.Debug|Any CPU.Build.0 = Debug|Any CPU
		{D0FD313A-35B5-41EB-A239-6EADDBA79FE3}.Release|Any CPU.ActiveCfg = Release|Any CPU
		{D0FD313A-35B5-41EB-A239-6EADDBA79FE3}.Release|Any CPU.Build.0 = Release|Any CPU
		{FC69F9E5-454E-46CF-88FC-B727313BE19E}.Debug|Any CPU.ActiveCfg = Debug|Any CPU
		{FC69F9E5-454E-46CF-88FC-B727313BE19E}.Debug|Any CPU.Build.0 = Debug|Any CPU
		{FC69F9E5-454E-46CF-88FC-B727313BE19E}.Release|Any CPU.ActiveCfg = Release|Any CPU
		{FC69F9E5-454E-46CF-88FC-B727313BE19E}.Release|Any CPU.Build.0 = Release|Any CPU
		{58D0D04B-5C19-418A-AE07-11CAE08F9B65}.Debug|Any CPU.ActiveCfg = Debug|Any CPU
		{58D0D04B-5C19-418A-AE07-11CAE08F9B65}.Debug|Any CPU.Build.0 = Debug|Any CPU
		{58D0D04B-5C19-418A-AE07-11CAE08F9B65}.Release|Any CPU.ActiveCfg = Release|Any CPU
		{58D0D04B-5C19-418A-AE07-11CAE08F9B65}.Release|Any CPU.Build.0 = Release|Any CPU
	EndGlobalSection
	GlobalSection(SolutionProperties) = preSolution
		HideSolutionNode = FALSE
	EndGlobalSection
	GlobalSection(NestedProjects) = preSolution
		{832297E9-3612-42B8-85D7-A6784E4B5E2B} = {D5B74B91-0D7C-4574-9267-56C0ACA2E398}
		{F5EA9197-0FED-4F78-87C2-00225F713A41} = {D5B74B91-0D7C-4574-9267-56C0ACA2E398}
		{317EBADE-D657-41C4-816A-2DD05160D718} = {BFB4AF93-C05D-4DE5-BD8F-8EFEFA33CD62}
		{10199F1E-C165-4E0D-9DDD-6F65EB59D9F9} = {BFB4AF93-C05D-4DE5-BD8F-8EFEFA33CD62}
		{767600A3-29F4-4001-A048-E4A005A8BB50} = {1315A511-6EBF-4BBB-A6D5-75D5FF70D56E}
		{2843E1CB-3FFF-412C-B1E0-91DA16817CC8} = {1315A511-6EBF-4BBB-A6D5-75D5FF70D56E}
		{A5788E82-81D0-42B6-8A13-0E908E2F9CC0} = {3C013545-DA3D-4949-BE8D-029EC1C677FA}
		{CBB7911C-E766-4653-A82D-DEA972746CFB} = {3C013545-DA3D-4949-BE8D-029EC1C677FA}
		{1BEA3224-4838-4A5D-87CD-69D072B33794} = {746AC92E-1B76-4B84-964B-F796ADED4BC5}
		{D0FD313A-35B5-41EB-A239-6EADDBA79FE3} = {D3341DB9-E639-4D6A-ACBB-DBB4675162BE}
		{FC69F9E5-454E-46CF-88FC-B727313BE19E} = {D3341DB9-E639-4D6A-ACBB-DBB4675162BE}
		{58D0D04B-5C19-418A-AE07-11CAE08F9B65} = {966AEDEB-996B-463B-BF75-FFE8ECF5F594}
	EndGlobalSection
	GlobalSection(ExtensibilityGlobals) = postSolution
		SolutionGuid = {DBC93CCA-A35C-4B1D-8646-4EC095114925}
	EndGlobalSection
EndGlobal
